
Microsoft Visual Studio Solution File, Format Version 12.00
# Visual Studio Version 17
VisualStudioVersion = 17.8.34511.84
MinimumVisualStudioVersion = 10.0.40219.1
Project("{FAE04EC0-301F-11D3-BF4B-00C04F79EFBC}") = "WpfApp10", "WpfApp10\WpfApp10.csproj", "{2C78A6E3-1729-4A3F-9C0B-F88E51D9C0F7}"
EndProject
Global
	GlobalSection(SolutionConfigurationPlatforms) = preSolution
		Debug|Any CPU = Debug|Any CPU
		Release|Any CPU = Release|Any CPU
	EndGlobalSection
	GlobalSection(ProjectConfigurationPlatforms) = postSolution
		{2C78A6E3-1729-4A3F-9C0B-F88E51D9C0F7}.Debug|Any CPU.ActiveCfg = Debug|Any CPU
		{2C78A6E3-1729-4A3F-9C0B-F88E51D9C0F7}.Debug|Any CPU.Build.0 = Debug|Any CPU
		{2C78A6E3-1729-4A3F-9C0B-F88E51D9C0F7}.Release|Any CPU.ActiveCfg = Release|Any CPU
		{2C78A6E3-1729-4A3F-9C0B-F88E51D9C0F7}.Release|Any CPU.Build.0 = Release|Any CPU
	EndGlobalSection
	GlobalSection(SolutionProperties) = preSolution
		HideSolutionNode = FALSE
	EndGlobalSection
	GlobalSection(ExtensibilityGlobals) = postSolution
		SolutionGuid = {20D82D31-056A-449A-9F84-F54730B9A44D}
	EndGlobalSection
EndGlobal
